
Microsoft Visual Studio Solution File, Format Version 12.00
# Visual Studio Version 17
VisualStudioVersion = 17.5.33627.172
MinimumVisualStudioVersion = 10.0.40219.1
Project("{FAE04EC0-301F-11D3-BF4B-00C04F79EFBC}") = "practical04.Q2", "practical04.Q2\practical04.Q2.csproj", "{F835368A-78FF-4F5B-8251-98D8F669B927}"
EndProject
Global
	GlobalSection(SolutionConfigurationPlatforms) = preSolution
		Debug|Any CPU = Debug|Any CPU
		Release|Any CPU = Release|Any CPU
	EndGlobalSection
	GlobalSection(ProjectConfigurationPlatforms) = postSolution
		{F835368A-78FF-4F5B-8251-98D8F669B927}.Debug|Any CPU.ActiveCfg = Debug|Any CPU
		{F835368A-78FF-4F5B-8251-98D8F669B927}.Debug|Any CPU.Build.0 = Debug|Any CPU
		{F835368A-78FF-4F5B-8251-98D8F669B927}.Release|Any CPU.ActiveCfg = Release|Any CPU
		{F835368A-78FF-4F5B-8251-98D8F669B927}.Release|Any CPU.Build.0 = Release|Any CPU
	EndGlobalSection
	GlobalSection(SolutionProperties) = preSolution
		HideSolutionNode = FALSE
	EndGlobalSection
	GlobalSection(ExtensibilityGlobals) = postSolution
		SolutionGuid = {0551A852-329A-4848-A1A1-8E312244EE9A}
	EndGlobalSection
EndGlobal
