
Microsoft Visual Studio Solution File, Format Version 12.00
# Visual Studio Version 17
VisualStudioVersion = 17.5.33627.172
MinimumVisualStudioVersion = 10.0.40219.1
Project("{FAE04EC0-301F-11D3-BF4B-00C04F79EFBC}") = "practical04.Q1", "practical04.Q1\practical04.Q1.csproj", "{0BCE2F8F-E43A-4245-8CB1-453D26883C8F}"
EndProject
Global
	GlobalSection(SolutionConfigurationPlatforms) = preSolution
		Debug|Any CPU = Debug|Any CPU
		Release|Any CPU = Release|Any CPU
	EndGlobalSection
	GlobalSection(ProjectConfigurationPlatforms) = postSolution
		{0BCE2F8F-E43A-4245-8CB1-453D26883C8F}.Debug|Any CPU.ActiveCfg = Debug|Any CPU
		{0BCE2F8F-E43A-4245-8CB1-453D26883C8F}.Debug|Any CPU.Build.0 = Debug|Any CPU
		{0BCE2F8F-E43A-4245-8CB1-453D26883C8F}.Release|Any CPU.ActiveCfg = Release|Any CPU
		{0BCE2F8F-E43A-4245-8CB1-453D26883C8F}.Release|Any CPU.Build.0 = Release|Any CPU
	EndGlobalSection
	GlobalSection(SolutionProperties) = preSolution
		HideSolutionNode = FALSE
	EndGlobalSection
	GlobalSection(ExtensibilityGlobals) = postSolution
		SolutionGuid = {096DC426-379B-4D90-AEAB-BA327E2AD998}
	EndGlobalSection
EndGlobal
